// !$*UTF8*$!
{
	archiveVersion = 1;
	classes = {
	};
	objectVersion = 51;
	objects = {

/* Begin PBXBuildFile section */
		143C67AF23EFC54A00A1F838 /* OutputView.swift in Sources */ = {isa = PBXBuildFile; fileRef = 143C67AE23EFC54A00A1F838 /* OutputView.swift */; };
		6491D07D23EF3A3D00E76EC9 /* AppDelegate.swift in Sources */ = {isa = PBXBuildFile; fileRef = 6491D07C23EF3A3D00E76EC9 /* AppDelegate.swift */; };
		6491D07F23EF3A3D00E76EC9 /* SceneDelegate.swift in Sources */ = {isa = PBXBuildFile; fileRef = 6491D07E23EF3A3D00E76EC9 /* SceneDelegate.swift */; };
		6491D08123EF3A3D00E76EC9 /* ViewController.swift in Sources */ = {isa = PBXBuildFile; fileRef = 6491D08023EF3A3D00E76EC9 /* ViewController.swift */; };
		6491D08423EF3A3D00E76EC9 /* Main.storyboard in Resources */ = {isa = PBXBuildFile; fileRef = 6491D08223EF3A3D00E76EC9 /* Main.storyboard */; };
		6491D08623EF3A3E00E76EC9 /* Assets.xcassets in Resources */ = {isa = PBXBuildFile; fileRef = 6491D08523EF3A3E00E76EC9 /* Assets.xcassets */; };
		6491D08923EF3A3E00E76EC9 /* LaunchScreen.storyboard in Resources */ = {isa = PBXBuildFile; fileRef = 6491D08723EF3A3E00E76EC9 /* LaunchScreen.storyboard */; };
		6491D09423EF3A3F00E76EC9 /* System_Design_AdvisorTests.swift in Sources */ = {isa = PBXBuildFile; fileRef = 6491D09323EF3A3F00E76EC9 /* System_Design_AdvisorTests.swift */; };
		6491D09F23EF3A3F00E76EC9 /* System_Design_AdvisorUITests.swift in Sources */ = {isa = PBXBuildFile; fileRef = 6491D09E23EF3A3F00E76EC9 /* System_Design_AdvisorUITests.swift */; };
		6491D0AD23EF6F7100E76EC9 /* FirstQuestion.swift in Sources */ = {isa = PBXBuildFile; fileRef = 6491D0AC23EF6F7100E76EC9 /* FirstQuestion.swift */; };
		FDADB9962699FA2DD947E1D3 /* Pods_HackBU.framework in Frameworks */ = {isa = PBXBuildFile; fileRef = 55B48CB763EAFB4058866431 /* Pods_HackBU.framework */; };
/* End PBXBuildFile section */

/* Begin PBXContainerItemProxy section */
		6491D09023EF3A3F00E76EC9 /* PBXContainerItemProxy */ = {
			isa = PBXContainerItemProxy;
			containerPortal = 6491D07123EF3A3D00E76EC9 /* Project object */;
			proxyType = 1;
			remoteGlobalIDString = 6491D07823EF3A3D00E76EC9;
			remoteInfo = "System Design Advisor";
		};
		6491D09B23EF3A3F00E76EC9 /* PBXContainerItemProxy */ = {
			isa = PBXContainerItemProxy;
			containerPortal = 6491D07123EF3A3D00E76EC9 /* Project object */;
			proxyType = 1;
			remoteGlobalIDString = 6491D07823EF3A3D00E76EC9;
			remoteInfo = "System Design Advisor";
		};
/* End PBXContainerItemProxy section */

/* Begin PBXFileReference section */
		143C67AE23EFC54A00A1F838 /* OutputView.swift */ = {isa = PBXFileReference; lastKnownFileType = sourcecode.swift; path = OutputView.swift; sourceTree = "<group>"; };
		55B48CB763EAFB4058866431 /* Pods_HackBU.framework */ = {isa = PBXFileReference; explicitFileType = wrapper.framework; includeInIndex = 0; path = Pods_HackBU.framework; sourceTree = BUILT_PRODUCTS_DIR; };
		6491D07923EF3A3D00E76EC9 /* HackBU.app */ = {isa = PBXFileReference; explicitFileType = wrapper.application; includeInIndex = 0; path = HackBU.app; sourceTree = BUILT_PRODUCTS_DIR; };
		6491D07C23EF3A3D00E76EC9 /* AppDelegate.swift */ = {isa = PBXFileReference; lastKnownFileType = sourcecode.swift; path = AppDelegate.swift; sourceTree = "<group>"; };
		6491D07E23EF3A3D00E76EC9 /* SceneDelegate.swift */ = {isa = PBXFileReference; lastKnownFileType = sourcecode.swift; path = SceneDelegate.swift; sourceTree = "<group>"; };
		6491D08023EF3A3D00E76EC9 /* ViewController.swift */ = {isa = PBXFileReference; lastKnownFileType = sourcecode.swift; path = ViewController.swift; sourceTree = "<group>"; };
		6491D08323EF3A3D00E76EC9 /* Base */ = {isa = PBXFileReference; lastKnownFileType = file.storyboard; name = Base; path = Base.lproj/Main.storyboard; sourceTree = "<group>"; };
		6491D08523EF3A3E00E76EC9 /* Assets.xcassets */ = {isa = PBXFileReference; lastKnownFileType = folder.assetcatalog; path = Assets.xcassets; sourceTree = "<group>"; };
		6491D08823EF3A3E00E76EC9 /* Base */ = {isa = PBXFileReference; lastKnownFileType = file.storyboard; name = Base; path = Base.lproj/LaunchScreen.storyboard; sourceTree = "<group>"; };
		6491D08A23EF3A3E00E76EC9 /* Info.plist */ = {isa = PBXFileReference; lastKnownFileType = text.plist.xml; path = Info.plist; sourceTree = "<group>"; };
		6491D08F23EF3A3F00E76EC9 /* HackBUTests.xctest */ = {isa = PBXFileReference; explicitFileType = wrapper.cfbundle; includeInIndex = 0; path = HackBUTests.xctest; sourceTree = BUILT_PRODUCTS_DIR; };
		6491D09323EF3A3F00E76EC9 /* System_Design_AdvisorTests.swift */ = {isa = PBXFileReference; lastKnownFileType = sourcecode.swift; path = System_Design_AdvisorTests.swift; sourceTree = "<group>"; };
		6491D09523EF3A3F00E76EC9 /* Info.plist */ = {isa = PBXFileReference; lastKnownFileType = text.plist.xml; path = Info.plist; sourceTree = "<group>"; };
		6491D09A23EF3A3F00E76EC9 /* HackBUUITests.xctest */ = {isa = PBXFileReference; explicitFileType = wrapper.cfbundle; includeInIndex = 0; path = HackBUUITests.xctest; sourceTree = BUILT_PRODUCTS_DIR; };
		6491D09E23EF3A3F00E76EC9 /* System_Design_AdvisorUITests.swift */ = {isa = PBXFileReference; lastKnownFileType = sourcecode.swift; path = System_Design_AdvisorUITests.swift; sourceTree = "<group>"; };
		6491D0A023EF3A3F00E76EC9 /* Info.plist */ = {isa = PBXFileReference; lastKnownFileType = text.plist.xml; path = Info.plist; sourceTree = "<group>"; };
		6491D0AC23EF6F7100E76EC9 /* FirstQuestion.swift */ = {isa = PBXFileReference; lastKnownFileType = sourcecode.swift; path = FirstQuestion.swift; sourceTree = "<group>"; };
		A832E8EF06078C97E6762EF7 /* Pods-HackBU.debug.xcconfig */ = {isa = PBXFileReference; includeInIndex = 1; lastKnownFileType = text.xcconfig; name = "Pods-HackBU.debug.xcconfig"; path = "Target Support Files/Pods-HackBU/Pods-HackBU.debug.xcconfig"; sourceTree = "<group>"; };
		FBB6B593A6034D581EE83E9A /* Pods-HackBU.release.xcconfig */ = {isa = PBXFileReference; includeInIndex = 1; lastKnownFileType = text.xcconfig; name = "Pods-HackBU.release.xcconfig"; path = "Target Support Files/Pods-HackBU/Pods-HackBU.release.xcconfig"; sourceTree = "<group>"; };
/* End PBXFileReference section */

/* Begin PBXFrameworksBuildPhase section */
		6491D07623EF3A3D00E76EC9 /* Frameworks */ = {
			isa = PBXFrameworksBuildPhase;
			buildActionMask = 2147483647;
			files = (
				FDADB9962699FA2DD947E1D3 /* Pods_HackBU.framework in Frameworks */,
			);
			runOnlyForDeploymentPostprocessing = 0;
		};
		6491D08C23EF3A3F00E76EC9 /* Frameworks */ = {
			isa = PBXFrameworksBuildPhase;
			buildActionMask = 2147483647;
			files = (
			);
			runOnlyForDeploymentPostprocessing = 0;
		};
		6491D09723EF3A3F00E76EC9 /* Frameworks */ = {
			isa = PBXFrameworksBuildPhase;
			buildActionMask = 2147483647;
			files = (
			);
			runOnlyForDeploymentPostprocessing = 0;
		};
/* End PBXFrameworksBuildPhase section */

/* Begin PBXGroup section */
		36F09DE0FD47CE4B7E87A46B /* Pods */ = {
			isa = PBXGroup;
			children = (
				A832E8EF06078C97E6762EF7 /* Pods-HackBU.debug.xcconfig */,
				FBB6B593A6034D581EE83E9A /* Pods-HackBU.release.xcconfig */,
			);
			path = Pods;
			sourceTree = "<group>";
		};
		6491D07023EF3A3D00E76EC9 = {
			isa = PBXGroup;
			children = (
				6491D07B23EF3A3D00E76EC9 /* System Design Advisor */,
				6491D09223EF3A3F00E76EC9 /* System Design AdvisorTests */,
				6491D09D23EF3A3F00E76EC9 /* System Design AdvisorUITests */,
				6491D07A23EF3A3D00E76EC9 /* Products */,
				36F09DE0FD47CE4B7E87A46B /* Pods */,
				E31C0EFCC3F4A75722AA7BC7 /* Frameworks */,
			);
			sourceTree = "<group>";
		};
		6491D07A23EF3A3D00E76EC9 /* Products */ = {
			isa = PBXGroup;
			children = (
				6491D07923EF3A3D00E76EC9 /* HackBU.app */,
				6491D08F23EF3A3F00E76EC9 /* HackBUTests.xctest */,
				6491D09A23EF3A3F00E76EC9 /* HackBUUITests.xctest */,
			);
			name = Products;
			sourceTree = "<group>";
		};
		6491D07B23EF3A3D00E76EC9 /* System Design Advisor */ = {
			isa = PBXGroup;
			children = (
				6491D07C23EF3A3D00E76EC9 /* AppDelegate.swift */,
				6491D07E23EF3A3D00E76EC9 /* SceneDelegate.swift */,
				6491D08023EF3A3D00E76EC9 /* ViewController.swift */,
				6491D0AC23EF6F7100E76EC9 /* FirstQuestion.swift */,
				143C67AE23EFC54A00A1F838 /* OutputView.swift */,
				6491D08223EF3A3D00E76EC9 /* Main.storyboard */,
				6491D08523EF3A3E00E76EC9 /* Assets.xcassets */,
				6491D08723EF3A3E00E76EC9 /* LaunchScreen.storyboard */,
				6491D08A23EF3A3E00E76EC9 /* Info.plist */,
			);
			path = "System Design Advisor";
			sourceTree = "<group>";
		};
		6491D09223EF3A3F00E76EC9 /* System Design AdvisorTests */ = {
			isa = PBXGroup;
			children = (
				6491D09323EF3A3F00E76EC9 /* System_Design_AdvisorTests.swift */,
				6491D09523EF3A3F00E76EC9 /* Info.plist */,
			);
			path = "System Design AdvisorTests";
			sourceTree = "<group>";
		};
		6491D09D23EF3A3F00E76EC9 /* System Design AdvisorUITests */ = {
			isa = PBXGroup;
			children = (
				6491D09E23EF3A3F00E76EC9 /* System_Design_AdvisorUITests.swift */,
				6491D0A023EF3A3F00E76EC9 /* Info.plist */,
			);
			path = "System Design AdvisorUITests";
			sourceTree = "<group>";
		};
		E31C0EFCC3F4A75722AA7BC7 /* Frameworks */ = {
			isa = PBXGroup;
			children = (
				55B48CB763EAFB4058866431 /* Pods_HackBU.framework */,
			);
			name = Frameworks;
			sourceTree = "<group>";
		};
/* End PBXGroup section */

/* Begin PBXNativeTarget section */
		6491D07823EF3A3D00E76EC9 /* HackBU */ = {
			isa = PBXNativeTarget;
			buildConfigurationList = 6491D0A323EF3A3F00E76EC9 /* Build configuration list for PBXNativeTarget "HackBU" */;
			buildPhases = (
				B6DF94B3E8EB5E51B5CF2401 /* [CP] Check Pods Manifest.lock */,
				6491D07523EF3A3D00E76EC9 /* Sources */,
				6491D07623EF3A3D00E76EC9 /* Frameworks */,
				6491D07723EF3A3D00E76EC9 /* Resources */,
				ECBD763DBA97D0BEA89F25F5 /* [CP] Embed Pods Frameworks */,
			);
			buildRules = (
			);
			dependencies = (
			);
			name = HackBU;
			productName = "System Design Advisor";
			productReference = 6491D07923EF3A3D00E76EC9 /* HackBU.app */;
			productType = "com.apple.product-type.application";
		};
		6491D08E23EF3A3F00E76EC9 /* HackBUTests */ = {
			isa = PBXNativeTarget;
			buildConfigurationList = 6491D0A623EF3A3F00E76EC9 /* Build configuration list for PBXNativeTarget "HackBUTests" */;
			buildPhases = (
				6491D08B23EF3A3F00E76EC9 /* Sources */,
				6491D08C23EF3A3F00E76EC9 /* Frameworks */,
				6491D08D23EF3A3F00E76EC9 /* Resources */,
			);
			buildRules = (
			);
			dependencies = (
				6491D09123EF3A3F00E76EC9 /* PBXTargetDependency */,
			);
			name = HackBUTests;
			productName = "System Design AdvisorTests";
			productReference = 6491D08F23EF3A3F00E76EC9 /* HackBUTests.xctest */;
			productType = "com.apple.product-type.bundle.unit-test";
		};
		6491D09923EF3A3F00E76EC9 /* HackBUUITests */ = {
			isa = PBXNativeTarget;
			buildConfigurationList = 6491D0A923EF3A3F00E76EC9 /* Build configuration list for PBXNativeTarget "HackBUUITests" */;
			buildPhases = (
				6491D09623EF3A3F00E76EC9 /* Sources */,
				6491D09723EF3A3F00E76EC9 /* Frameworks */,
				6491D09823EF3A3F00E76EC9 /* Resources */,
			);
			buildRules = (
			);
			dependencies = (
				6491D09C23EF3A3F00E76EC9 /* PBXTargetDependency */,
			);
			name = HackBUUITests;
			productName = "System Design AdvisorUITests";
			productReference = 6491D09A23EF3A3F00E76EC9 /* HackBUUITests.xctest */;
			productType = "com.apple.product-type.bundle.ui-testing";
		};
/* End PBXNativeTarget section */

/* Begin PBXProject section */
		6491D07123EF3A3D00E76EC9 /* Project object */ = {
			isa = PBXProject;
			attributes = {
				LastSwiftUpdateCheck = 1130;
				LastUpgradeCheck = 1130;
				ORGANIZATIONNAME = "Dylan Telson";
				TargetAttributes = {
					6491D07823EF3A3D00E76EC9 = {
						CreatedOnToolsVersion = 11.3.1;
					};
					6491D08E23EF3A3F00E76EC9 = {
						CreatedOnToolsVersion = 11.3.1;
						TestTargetID = 6491D07823EF3A3D00E76EC9;
					};
					6491D09923EF3A3F00E76EC9 = {
						CreatedOnToolsVersion = 11.3.1;
						TestTargetID = 6491D07823EF3A3D00E76EC9;
					};
				};
			};
			buildConfigurationList = 6491D07423EF3A3D00E76EC9 /* Build configuration list for PBXProject "HackBU" */;
			compatibilityVersion = "Xcode 9.3";
			developmentRegion = en;
			hasScannedForEncodings = 0;
			knownRegions = (
				en,
				Base,
			);
			mainGroup = 6491D07023EF3A3D00E76EC9;
			productRefGroup = 6491D07A23EF3A3D00E76EC9 /* Products */;
			projectDirPath = "";
			projectRoot = "";
			targets = (
				6491D07823EF3A3D00E76EC9 /* HackBU */,
				6491D08E23EF3A3F00E76EC9 /* HackBUTests */,
				6491D09923EF3A3F00E76EC9 /* HackBUUITests */,
			);
		};
/* End PBXProject section */

/* Begin PBXResourcesBuildPhase section */
		6491D07723EF3A3D00E76EC9 /* Resources */ = {
			isa = PBXResourcesBuildPhase;
			buildActionMask = 2147483647;
			files = (
				6491D08923EF3A3E00E76EC9 /* LaunchScreen.storyboard in Resources */,
				6491D08623EF3A3E00E76EC9 /* Assets.xcassets in Resources */,
				6491D08423EF3A3D00E76EC9 /* Main.storyboard in Resources */,
			);
			runOnlyForDeploymentPostprocessing = 0;
		};
		6491D08D23EF3A3F00E76EC9 /* Resources */ = {
			isa = PBXResourcesBuildPhase;
			buildActionMask = 2147483647;
			files = (
			);
			runOnlyForDeploymentPostprocessing = 0;
		};
		6491D09823EF3A3F00E76EC9 /* Resources */ = {
			isa = PBXResourcesBuildPhase;
			buildActionMask = 2147483647;
			files = (
			);
			runOnlyForDeploymentPostprocessing = 0;
		};
/* End PBXResourcesBuildPhase section */

/* Begin PBXShellScriptBuildPhase section */
		B6DF94B3E8EB5E51B5CF2401 /* [CP] Check Pods Manifest.lock */ = {
			isa = PBXShellScriptBuildPhase;
			buildActionMask = 2147483647;
			files = (
			);
			inputFileListPaths = (
			);
			inputPaths = (
				"${PODS_PODFILE_DIR_PATH}/Podfile.lock",
				"${PODS_ROOT}/Manifest.lock",
			);
			name = "[CP] Check Pods Manifest.lock";
			outputFileListPaths = (
			);
			outputPaths = (
				"$(DERIVED_FILE_DIR)/Pods-HackBU-checkManifestLockResult.txt",
			);
			runOnlyForDeploymentPostprocessing = 0;
			shellPath = /bin/sh;
			shellScript = "diff \"${PODS_PODFILE_DIR_PATH}/Podfile.lock\" \"${PODS_ROOT}/Manifest.lock\" > /dev/null\nif [ $? != 0 ] ; then\n    # print error to STDERR\n    echo \"error: The sandbox is not in sync with the Podfile.lock. Run 'pod install' or update your CocoaPods installation.\" >&2\n    exit 1\nfi\n# This output is used by Xcode 'outputs' to avoid re-running this script phase.\necho \"SUCCESS\" > \"${SCRIPT_OUTPUT_FILE_0}\"\n";
			showEnvVarsInLog = 0;
		};
		ECBD763DBA97D0BEA89F25F5 /* [CP] Embed Pods Frameworks */ = {
			isa = PBXShellScriptBuildPhase;
			buildActionMask = 2147483647;
			files = (
			);
			inputFileListPaths = (
				"${PODS_ROOT}/Target Support Files/Pods-HackBU/Pods-HackBU-frameworks-${CONFIGURATION}-input-files.xcfilelist",
			);
			name = "[CP] Embed Pods Frameworks";
			outputFileListPaths = (
				"${PODS_ROOT}/Target Support Files/Pods-HackBU/Pods-HackBU-frameworks-${CONFIGURATION}-output-files.xcfilelist",
			);
			runOnlyForDeploymentPostprocessing = 0;
			shellPath = /bin/sh;
			shellScript = "\"${PODS_ROOT}/Target Support Files/Pods-HackBU/Pods-HackBU-frameworks.sh\"\n";
			showEnvVarsInLog = 0;
		};
/* End PBXShellScriptBuildPhase section */

/* Begin PBXSourcesBuildPhase section */
		6491D07523EF3A3D00E76EC9 /* Sources */ = {
			isa = PBXSourcesBuildPhase;
			buildActionMask = 2147483647;
			files = (
				6491D08123EF3A3D00E76EC9 /* ViewController.swift in Sources */,
				6491D07D23EF3A3D00E76EC9 /* AppDelegate.swift in Sources */,
				6491D0AD23EF6F7100E76EC9 /* FirstQuestion.swift in Sources */,
				6491D07F23EF3A3D00E76EC9 /* SceneDelegate.swift in Sources */,
				143C67AF23EFC54A00A1F838 /* OutputView.swift in Sources */,
			);
			runOnlyForDeploymentPostprocessing = 0;
		};
		6491D08B23EF3A3F00E76EC9 /* Sources */ = {
			isa = PBXSourcesBuildPhase;
			buildActionMask = 2147483647;
			files = (
				6491D09423EF3A3F00E76EC9 /* System_Design_AdvisorTests.swift in Sources */,
			);
			runOnlyForDeploymentPostprocessing = 0;
		};
		6491D09623EF3A3F00E76EC9 /* Sources */ = {
			isa = PBXSourcesBuildPhase;
			buildActionMask = 2147483647;
			files = (
				6491D09F23EF3A3F00E76EC9 /* System_Design_AdvisorUITests.swift in Sources */,
			);
			runOnlyForDeploymentPostprocessing = 0;
		};
/* End PBXSourcesBuildPhase section */

/* Begin PBXTargetDependency section */
		6491D09123EF3A3F00E76EC9 /* PBXTargetDependency */ = {
			isa = PBXTargetDependency;
			target = 6491D07823EF3A3D00E76EC9 /* HackBU */;
			targetProxy = 6491D09023EF3A3F00E76EC9 /* PBXContainerItemProxy */;
		};
		6491D09C23EF3A3F00E76EC9 /* PBXTargetDependency */ = {
			isa = PBXTargetDependency;
			target = 6491D07823EF3A3D00E76EC9 /* HackBU */;
			targetProxy = 6491D09B23EF3A3F00E76EC9 /* PBXContainerItemProxy */;
		};
/* End PBXTargetDependency section */

/* Begin PBXVariantGroup section */
		6491D08223EF3A3D00E76EC9 /* Main.storyboard */ = {
			isa = PBXVariantGroup;
			children = (
				6491D08323EF3A3D00E76EC9 /* Base */,
			);
			name = Main.storyboard;
			sourceTree = "<group>";
		};
		6491D08723EF3A3E00E76EC9 /* LaunchScreen.storyboard */ = {
			isa = PBXVariantGroup;
			children = (
				6491D08823EF3A3E00E76EC9 /* Base */,
			);
			name = LaunchScreen.storyboard;
			sourceTree = "<group>";
		};
/* End PBXVariantGroup section */

/* Begin XCBuildConfiguration section */
		6491D0A123EF3A3F00E76EC9 /* Debug */ = {
			isa = XCBuildConfiguration;
			buildSettings = {
				ALWAYS_SEARCH_USER_PATHS = NO;
				CLANG_ANALYZER_NONNULL = YES;
				CLANG_ANALYZER_NUMBER_OBJECT_CONVERSION = YES_AGGRESSIVE;
				CLANG_CXX_LANGUAGE_STANDARD = "gnu++14";
				CLANG_CXX_LIBRARY = "libc++";
				CLANG_ENABLE_MODULES = YES;
				CLANG_ENABLE_OBJC_ARC = YES;
				CLANG_ENABLE_OBJC_WEAK = YES;
				CLANG_WARN_BLOCK_CAPTURE_AUTORELEASING = YES;
				CLANG_WARN_BOOL_CONVERSION = YES;
				CLANG_WARN_COMMA = YES;
				CLANG_WARN_CONSTANT_CONVERSION = YES;
				CLANG_WARN_DEPRECATED_OBJC_IMPLEMENTATIONS = YES;
				CLANG_WARN_DIRECT_OBJC_ISA_USAGE = YES_ERROR;
				CLANG_WARN_DOCUMENTATION_COMMENTS = YES;
				CLANG_WARN_EMPTY_BODY = YES;
				CLANG_WARN_ENUM_CONVERSION = YES;
				CLANG_WARN_INFINITE_RECURSION = YES;
				CLANG_WARN_INT_CONVERSION = YES;
				CLANG_WARN_NON_LITERAL_NULL_CONVERSION = YES;
				CLANG_WARN_OBJC_IMPLICIT_RETAIN_SELF = YES;
				CLANG_WARN_OBJC_LITERAL_CONVERSION = YES;
				CLANG_WARN_OBJC_ROOT_CLASS = YES_ERROR;
				CLANG_WARN_RANGE_LOOP_ANALYSIS = YES;
				CLANG_WARN_STRICT_PROTOTYPES = YES;
				CLANG_WARN_SUSPICIOUS_MOVE = YES;
				CLANG_WARN_UNGUARDED_AVAILABILITY = YES_AGGRESSIVE;
				CLANG_WARN_UNREACHABLE_CODE = YES;
				CLANG_WARN__DUPLICATE_METHOD_MATCH = YES;
				COPY_PHASE_STRIP = NO;
				DEBUG_INFORMATION_FORMAT = dwarf;
				ENABLE_STRICT_OBJC_MSGSEND = YES;
				ENABLE_TESTABILITY = YES;
				GCC_C_LANGUAGE_STANDARD = gnu11;
				GCC_DYNAMIC_NO_PIC = NO;
				GCC_NO_COMMON_BLOCKS = YES;
				GCC_OPTIMIZATION_LEVEL = 0;
				GCC_PREPROCESSOR_DEFINITIONS = (
					"DEBUG=1",
					"$(inherited)",
				);
				GCC_WARN_64_TO_32_BIT_CONVERSION = YES;
				GCC_WARN_ABOUT_RETURN_TYPE = YES_ERROR;
				GCC_WARN_UNDECLARED_SELECTOR = YES;
				GCC_WARN_UNINITIALIZED_AUTOS = YES_AGGRESSIVE;
				GCC_WARN_UNUSED_FUNCTION = YES;
				GCC_WARN_UNUSED_VARIABLE = YES;
				IPHONEOS_DEPLOYMENT_TARGET = 13.2;
				MTL_ENABLE_DEBUG_INFO = INCLUDE_SOURCE;
				MTL_FAST_MATH = YES;
				ONLY_ACTIVE_ARCH = YES;
				SDKROOT = iphoneos;
				SWIFT_ACTIVE_COMPILATION_CONDITIONS = DEBUG;
				SWIFT_OPTIMIZATION_LEVEL = "-Onone";
			};
			name = Debug;
		};
		6491D0A223EF3A3F00E76EC9 /* Release */ = {
			isa = XCBuildConfiguration;
			buildSettings = {
				ALWAYS_SEARCH_USER_PATHS = NO;
				CLANG_ANALYZER_NONNULL = YES;
				CLANG_ANALYZER_NUMBER_OBJECT_CONVERSION = YES_AGGRESSIVE;
				CLANG_CXX_LANGUAGE_STANDARD = "gnu++14";
				CLANG_CXX_LIBRARY = "libc++";
				CLANG_ENABLE_MODULES = YES;
				CLANG_ENABLE_OBJC_ARC = YES;
				CLANG_ENABLE_OBJC_WEAK = YES;
				CLANG_WARN_BLOCK_CAPTURE_AUTORELEASING = YES;
				CLANG_WARN_BOOL_CONVERSION = YES;
				CLANG_WARN_COMMA = YES;
				CLANG_WARN_CONSTANT_CONVERSION = YES;
				CLANG_WARN_DEPRECATED_OBJC_IMPLEMENTATIONS = YES;
				CLANG_WARN_DIRECT_OBJC_ISA_USAGE = YES_ERROR;
				CLANG_WARN_DOCUMENTATION_COMMENTS = YES;
				CLANG_WARN_EMPTY_BODY = YES;
				CLANG_WARN_ENUM_CONVERSION = YES;
				CLANG_WARN_INFINITE_RECURSION = YES;
				CLANG_WARN_INT_CONVERSION = YES;
				CLANG_WARN_NON_LITERAL_NULL_CONVERSION = YES;
				CLANG_WARN_OBJC_IMPLICIT_RETAIN_SELF = YES;
				CLANG_WARN_OBJC_LITERAL_CONVERSION = YES;
				CLANG_WARN_OBJC_ROOT_CLASS = YES_ERROR;
				CLANG_WARN_RANGE_LOOP_ANALYSIS = YES;
				CLANG_WARN_STRICT_PROTOTYPES = YES;
				CLANG_WARN_SUSPICIOUS_MOVE = YES;
				CLANG_WARN_UNGUARDED_AVAILABILITY = YES_AGGRESSIVE;
				CLANG_WARN_UNREACHABLE_CODE = YES;
				CLANG_WARN__DUPLICATE_METHOD_MATCH = YES;
				COPY_PHASE_STRIP = NO;
				DEBUG_INFORMATION_FORMAT = "dwarf-with-dsym";
				ENABLE_NS_ASSERTIONS = NO;
				ENABLE_STRICT_OBJC_MSGSEND = YES;
				GCC_C_LANGUAGE_STANDARD = gnu11;
				GCC_NO_COMMON_BLOCKS = YES;
				GCC_WARN_64_TO_32_BIT_CONVERSION = YES;
				GCC_WARN_ABOUT_RETURN_TYPE = YES_ERROR;
				GCC_WARN_UNDECLARED_SELECTOR = YES;
				GCC_WARN_UNINITIALIZED_AUTOS = YES_AGGRESSIVE;
				GCC_WARN_UNUSED_FUNCTION = YES;
				GCC_WARN_UNUSED_VARIABLE = YES;
				IPHONEOS_DEPLOYMENT_TARGET = 13.2;
				MTL_ENABLE_DEBUG_INFO = NO;
				MTL_FAST_MATH = YES;
				SDKROOT = iphoneos;
				SWIFT_COMPILATION_MODE = wholemodule;
				SWIFT_OPTIMIZATION_LEVEL = "-O";
				VALIDATE_PRODUCT = YES;
			};
			name = Release;
		};
		6491D0A423EF3A3F00E76EC9 /* Debug */ = {
			isa = XCBuildConfiguration;
			baseConfigurationReference = A832E8EF06078C97E6762EF7 /* Pods-HackBU.debug.xcconfig */;
			buildSettings = {
				ASSETCATALOG_COMPILER_APPICON_NAME = AppIcon;
				CODE_SIGN_STYLE = Automatic;
				INFOPLIST_FILE = "System Design Advisor/Info.plist";
				LD_RUNPATH_SEARCH_PATHS = (
					"$(inherited)",
					"@executable_path/Frameworks",
				);
				PRODUCT_BUNDLE_IDENTIFIER = "HackathoniOS.System-Design-Advisor";
				PRODUCT_NAME = "$(TARGET_NAME)";
				SWIFT_VERSION = 5.0;
				TARGETED_DEVICE_FAMILY = "1,2";
			};
			name = Debug;
		};
		6491D0A523EF3A3F00E76EC9 /* Release */ = {
			isa = XCBuildConfiguration;
			baseConfigurationReference = FBB6B593A6034D581EE83E9A /* Pods-HackBU.release.xcconfig */;
			buildSettings = {
				ASSETCATALOG_COMPILER_APPICON_NAME = AppIcon;
				CODE_SIGN_STYLE = Automatic;
				INFOPLIST_FILE = "System Design Advisor/Info.plist";
				LD_RUNPATH_SEARCH_PATHS = (
					"$(inherited)",
					"@executable_path/Frameworks",
				);
				PRODUCT_BUNDLE_IDENTIFIER = "HackathoniOS.System-Design-Advisor";
				PRODUCT_NAME = "$(TARGET_NAME)";
				SWIFT_VERSION = 5.0;
				TARGETED_DEVICE_FAMILY = "1,2";
			};
			name = Release;
		};
		6491D0A723EF3A3F00E76EC9 /* Debug */ = {
			isa = XCBuildConfiguration;
			buildSettings = {
				ALWAYS_EMBED_SWIFT_STANDARD_LIBRARIES = YES;
				BUNDLE_LOADER = "$(TEST_HOST)";
				CODE_SIGN_STYLE = Automatic;
				INFOPLIST_FILE = "System Design AdvisorTests/Info.plist";
				IPHONEOS_DEPLOYMENT_TARGET = 13.2;
				LD_RUNPATH_SEARCH_PATHS = (
					"$(inherited)",
					"@executable_path/Frameworks",
					"@loader_path/Frameworks",
				);
				PRODUCT_BUNDLE_IDENTIFIER = "HackathoniOS.System-Design-AdvisorTests";
				PRODUCT_NAME = "$(TARGET_NAME)";
				SWIFT_VERSION = 5.0;
				TARGETED_DEVICE_FAMILY = "1,2";
				TEST_HOST = "$(BUILT_PRODUCTS_DIR)/HackBU.app/HackBU";
			};
			name = Debug;
		};
		6491D0A823EF3A3F00E76EC9 /* Release */ = {
			isa = XCBuildConfiguration;
			buildSettings = {
				ALWAYS_EMBED_SWIFT_STANDARD_LIBRARIES = YES;
				BUNDLE_LOADER = "$(TEST_HOST)";
				CODE_SIGN_STYLE = Automatic;
				INFOPLIST_FILE = "System Design AdvisorTests/Info.plist";
				IPHONEOS_DEPLOYMENT_TARGET = 13.2;
				LD_RUNPATH_SEARCH_PATHS = (
					"$(inherited)",
					"@executable_path/Frameworks",
					"@loader_path/Frameworks",
				);
				PRODUCT_BUNDLE_IDENTIFIER = "HackathoniOS.System-Design-AdvisorTests";
				PRODUCT_NAME = "$(TARGET_NAME)";
				SWIFT_VERSION = 5.0;
				TARGETED_DEVICE_FAMILY = "1,2";
				TEST_HOST = "$(BUILT_PRODUCTS_DIR)/HackBU.app/HackBU";
			};
			name = Release;
		};
		6491D0AA23EF3A3F00E76EC9 /* Debug */ = {
			isa = XCBuildConfiguration;
			buildSettings = {
				ALWAYS_EMBED_SWIFT_STANDARD_LIBRARIES = YES;
				CODE_SIGN_STYLE = Automatic;
				INFOPLIST_FILE = "System Design AdvisorUITests/Info.plist";
				LD_RUNPATH_SEARCH_PATHS = (
					"$(inherited)",
					"@executable_path/Frameworks",
					"@loader_path/Frameworks",
				);
				PRODUCT_BUNDLE_IDENTIFIER = "HackathoniOS.System-Design-AdvisorUITests";
				PRODUCT_NAME = "$(TARGET_NAME)";
				SWIFT_VERSION = 5.0;
				TARGETED_DEVICE_FAMILY = "1,2";
				TEST_TARGET_NAME = "System Design Advisor";
			};
			name = Debug;
		};
		6491D0AB23EF3A3F00E76EC9 /* Release */ = {
			isa = XCBuildConfiguration;
			buildSettings = {
				ALWAYS_EMBED_SWIFT_STANDARD_LIBRARIES = YES;
				CODE_SIGN_STYLE = Automatic;
				INFOPLIST_FILE = "System Design AdvisorUITests/Info.plist";
				LD_RUNPATH_SEARCH_PATHS = (
					"$(inherited)",
					"@executable_path/Frameworks",
					"@loader_path/Frameworks",
				);
				PRODUCT_BUNDLE_IDENTIFIER = "HackathoniOS.System-Design-AdvisorUITests";
				PRODUCT_NAME = "$(TARGET_NAME)";
				SWIFT_VERSION = 5.0;
				TARGETED_DEVICE_FAMILY = "1,2";
				TEST_TARGET_NAME = "System Design Advisor";
			};
			name = Release;
		};
/* End XCBuildConfiguration section */

/* Begin XCConfigurationList section */
		6491D07423EF3A3D00E76EC9 /* Build configuration list for PBXProject "HackBU" */ = {
			isa = XCConfigurationList;
			buildConfigurations = (
				6491D0A123EF3A3F00E76EC9 /* Debug */,
				6491D0A223EF3A3F00E76EC9 /* Release */,
			);
			defaultConfigurationIsVisible = 0;
			defaultConfigurationName = Release;
		};
		6491D0A323EF3A3F00E76EC9 /* Build configuration list for PBXNativeTarget "HackBU" */ = {
			isa = XCConfigurationList;
			buildConfigurations = (
				6491D0A423EF3A3F00E76EC9 /* Debug */,
				6491D0A523EF3A3F00E76EC9 /* Release */,
			);
			defaultConfigurationIsVisible = 0;
			defaultConfigurationName = Release;
		};
		6491D0A623EF3A3F00E76EC9 /* Build configuration list for PBXNativeTarget "HackBUTests" */ = {
			isa = XCConfigurationList;
			buildConfigurations = (
				6491D0A723EF3A3F00E76EC9 /* Debug */,
				6491D0A823EF3A3F00E76EC9 /* Release */,
			);
			defaultConfigurationIsVisible = 0;
			defaultConfigurationName = Release;
		};
		6491D0A923EF3A3F00E76EC9 /* Build configuration list for PBXNativeTarget "HackBUUITests" */ = {
			isa = XCConfigurationList;
			buildConfigurations = (
				6491D0AA23EF3A3F00E76EC9 /* Debug */,
				6491D0AB23EF3A3F00E76EC9 /* Release */,
			);
			defaultConfigurationIsVisible = 0;
			defaultConfigurationName = Release;
		};
/* End XCConfigurationList section */
	};
	rootObject = 6491D07123EF3A3D00E76EC9 /* Project object */;
}
